
Microsoft Visual Studio Solution File, Format Version 12.00
Project("{FAE04EC0-301F-11D3-BF4B-00C04F79EFBC}") = "MedicalInformationSystem", "MedicalInformationSystem\MedicalInformationSystem.csproj", "{6EF49554-B9E5-4663-A214-A8174FB042EB}"
EndProject
Global
	GlobalSection(SolutionConfigurationPlatforms) = preSolution
		Debug|Any CPU = Debug|Any CPU
		Release|Any CPU = Release|Any CPU
	EndGlobalSection
	GlobalSection(ProjectConfigurationPlatforms) = postSolution
		{6EF49554-B9E5-4663-A214-A8174FB042EB}.Debug|Any CPU.ActiveCfg = Debug|Any CPU
		{6EF49554-B9E5-4663-A214-A8174FB042EB}.Debug|Any CPU.Build.0 = Debug|Any CPU
		{6EF49554-B9E5-4663-A214-A8174FB042EB}.Release|Any CPU.ActiveCfg = Release|Any CPU
		{6EF49554-B9E5-4663-A214-A8174FB042EB}.Release|Any CPU.Build.0 = Release|Any CPU
	EndGlobalSection
EndGlobal
